lockfileVersion: 5.3

specifiers:
  cnd: 9.2.2
  color-convert: ^2.0.1
  cupofjoe: 0.2.1
  datom: 8.0.3
  diff-match-patch: ^1.0.5
  hyphenopoly: 4.12.0
  intertype: 7.7.0
  multimix: 5.0.0
  steampipes: 6.7.1
  to-width: 1.2.0

dependencies:
  cnd: 9.2.2
  color-convert: 2.0.1
  cupofjoe: 0.2.1
  datom: 8.0.3
  diff-match-patch: 1.0.5
  hyphenopoly: 4.12.0
  intertype: 7.7.0
  multimix: 5.0.0
  steampipes: 6.7.1
  to-width: 1.2.0

packages:

  /@uppy/fs-tail-stream/1.2.0:
    resolution: {integrity: sha512-Yil6Z4phfYBHneLK5aimQ4AtVleorcTRuy0TzJrhFx4OEdbGUQ8haLQklQUOhaFJbaeu20VGishz/kLWzQiiTg==}
    dependencies:
      once: 1.4.0
    dev: false

  /ansi-regex/5.0.1:
    resolution: {integrity: sha512-quJQXlTSUGL2LH9SUXo8VwsY4soanhgo6LNSm84E1LBcE8s3O0wpdiRzyR9z/ZZJMlMWv37qOOb9pdJlMUEKFQ==}
    engines: {node: '>=8'}
    dev: false

  /cnd/9.2.1:
    resolution: {integrity: sha512-JszZtSlOCxkIvNPKpw1PmIcQUjYO+pBqVoKVH2STHLtG4JHHJ1NHowv39lhyxzlPxUTZk7pZ3qO7CfrfJ8ZSKw==}
    hasBin: true
    dev: false

  /cnd/9.2.2:
    resolution: {integrity: sha512-F+/H+7luk4fZkvN0+MT0I2nwn80YM/EtfMttNUFxENR50XJH4g0KgQevzeyEJ8B6t6l8Tb4Xti6QAksa8DmePA==}
    hasBin: true
    dependencies:
      jsx-number-format: 0.1.4
    dev: false

  /color-convert/2.0.1:
    resolution: {integrity: sha512-RRECPsj7iu/xb5oKYcsFHSppFNnsj/52OVTRKb4zP5onXwVF3zVmmToNcOfGC+CRDpfK/U584fMg38ZHCaElKQ==}
    engines: {node: '>=7.0.0'}
    dependencies:
      color-name: 1.1.4
    dev: false

  /color-name/1.1.4:
    resolution: {integrity: sha512-dOy+3AuW3a2wNbZHIuMZpTcgjGuLU/uBL/ubcZF9OXbDo8ff4O8yVp5Bf0efS8uEoYo5q4Fx7dY9OgQGXgAsQA==}
    dev: false

  /cupofjoe/0.2.1:
    resolution: {integrity: sha512-kZHlb3DmPu2jV0rmZvqsGwI8OEy+VEyN+50bUFp95HrD1buun7G9BVpf286UiL+sNfjXEn4EdbAFHASkxibSHQ==}
    dependencies:
      cnd: 9.2.1
      intertype: 7.6.5
      multimix: 5.0.0
    dev: false

  /datom/8.0.3:
    resolution: {integrity: sha512-brh+I+TIC89r891ekwWtzaO6zvQu/hgyEdfm3gs8WOF3jJ+nCpwnoF2/96jUZibaKCfFjxpqQbQu3K7/SkA64g==}
    dependencies:
      cnd: 9.2.2
      cupofjoe: 0.2.1
      emittery: 0.6.0
      intertype: 7.6.5
      letsfreezethat: 3.1.0
      multimix: 5.0.0
    dev: false

  /diff-match-patch/1.0.5:
    resolution: {integrity: sha512-IayShXAgj/QMXgB0IWmKx+rOPuGMhqm5w6jvFxmVenXKIzRqTAAsbBPT3kWQeGANj3jGgvcvv4yK6SxqYmikgw==}
    dev: false

  /emittery/0.6.0:
    resolution: {integrity: sha512-6EMRGr9KzYWp8DzHFZsKVZBsMO6QhAeHMeHND8rhyBNCHKMLpgW9tZv40bwN3rAIKRS5CxcK8oLRKUJSB9h7yQ==}
    engines: {node: '>=10'}
    dev: false

  /emoji-regex/8.0.0:
    resolution: {integrity: sha512-MSjYzcWNOA0ewAHpz0MxpYFvwg6yjy1NG3xteoqz644VCo/RPgnr1/GGt+ic3iJTzQ8Eu3TdM14SawnVUmGE6A==}
    dev: false

  /hyphenopoly/4.12.0:
    resolution: {integrity: sha512-2AbkggnLa42cZFQ+VncvZCw/oB4aGMrmW6yb7/HzZfaUk0XXjaU2/wttOhVf4/sleHwp03rpPCLO/3dHJlsreg==}
    engines: {node: '>=10.0.0'}
    dev: false

  /intertext-splitlines/1.2.1:
    resolution: {integrity: sha512-bnIqoTOk8ie/jE3g4ec7h5ZdjpUNF+ynQ0/oTwn3I973vhCjMtnd9DCp/i1hxVMO55uqDgyYQ42f44Quzc6zXg==}
    dependencies:
      cnd: 9.2.2
      intertype: 7.6.5
    dev: false

  /intertype/7.6.5:
    resolution: {integrity: sha512-763YK3ezLYy9FkX+cTTg/qwGHteqlaTMiec9a2sVAKm7kXp9e7QkzbyYS6u4CcbLxx12L8bcRbe3SFsPeaJCMA==}
    dependencies:
      multimix: 5.0.0
    dev: false

  /intertype/7.7.0:
    resolution: {integrity: sha512-Sv923oXpq9In8/CuxP5KAKc3FIETOEl23ltwSfLOnn/8V8A5pDRlxWo0vhaA6p7WybRMgeZXsE4Etw98tWUMPA==}
    dependencies:
      multimix: 5.0.0
    dev: false

  /is-fullwidth-code-point/3.0.0:
    resolution: {integrity: sha512-zymm5+u+sCsSWyD9qNaejV3DFvhCKclKdizYaJUuHA83RLjb7nSuGnddCHGv0hk+KY7BMAlsWeK4Ueg6EV6XQg==}
    engines: {node: '>=8'}
    dev: false

  /jfee/0.1.4:
    resolution: {integrity: sha512-XM3NLlcQGunAXg2c4Os28LWzLjbnrQE7NMwc4q38hgsAbTMIKu1IXceEz4sVXp55fU4Q0c+8+5OgMWxRgnpFNw==}
    dependencies:
      cnd: 9.2.2
      intertype: 7.6.5
    dev: false

  /jsx-number-format/0.1.4:
    resolution: {integrity: sha512-uPc/Q90XqZoRE7Cu1OLFQB2cSrA2Dy8+okzPOtML8vbagNFDSipbndIPme+q0odBjEhL+wf3WH3Wo52was4Tsg==}
    dev: false

  /letsfreezethat/3.1.0:
    resolution: {integrity: sha512-jJ1nvvQi6unW0WifjNPMIb64Byom0EXzSKWFYA++EpyjK3qv1J2pqeSoEJ61tGJoNG0GoNjPoeLYhxW16riZaA==}
    dev: false

  /multimix/5.0.0:
    resolution: {integrity: sha512-N9cdGSDDD7kxOV7R6e4iZqsHTZ4F4iiSDWqMcVqx4gEH6HBtRXav39Gj3fgT1YqvBcwPCQuf0Oa5R2cDaLWK8A==}
    dev: false

  /once/1.4.0:
    resolution: {integrity: sha1-WDsap3WWHUsROsF9nFC6753Xa9E=}
    dependencies:
      wrappy: 1.0.2
    dev: false

  /steampipes/6.7.1:
    resolution: {integrity: sha512-glgBCkjJr+0MeEiIc5UD4HMVIVNrGYYJ7QhylARTNksPTp59+HW/qIhPd/3xWEaHWjxkEsbM4zigCurmZifYrA==}
    dependencies:
      '@uppy/fs-tail-stream': 1.2.0
      cnd: 9.2.2
      datom: 8.0.3
      intertext-splitlines: 1.2.1
      intertype: 7.6.5
      jfee: 0.1.4
      multimix: 5.0.0
      timsort: 0.3.0
    dev: false

  /string-width/4.2.3:
    resolution: {integrity: sha512-wKyQRQpjJ0sIp62ErSZdGsjMJWsap5oRNihHhu6G7JVO/9jIB6UyevL+tXuOqrng8j/cxKTWyWUwvSTriiZz/g==}
    engines: {node: '>=8'}
    dependencies:
      emoji-regex: 8.0.0
      is-fullwidth-code-point: 3.0.0
      strip-ansi: 6.0.1
    dev: false

  /strip-ansi/6.0.1:
    resolution: {integrity: sha512-Y38VPSHcqkFrCpFnQ9vuSXmquuv5oXOKpGeT6aGrr3o3Gc9AlVa6JBfUSOCnbxGGZF+/0ooI7KrPuUSztUdU5A==}
    engines: {node: '>=8'}
    dependencies:
      ansi-regex: 5.0.1
    dev: false

  /timsort/0.3.0:
    resolution: {integrity: sha1-QFQRqOfmM5/mTbmiNN4R3DHgK9Q=}
    dev: false

  /to-width/1.2.0:
    resolution: {integrity: sha512-ok/CRyzSZVA6xk9t5PuWuh3SHqCtKCkhI6dfF2YaVX11clXz4yAxxyesC27+m54ilrMRtqTI9UNQRct8lwVYZQ==}
    dependencies:
      string-width: 4.2.3
      wcstring: 2.1.1
    dev: false

  /varsize-string/2.2.2:
    resolution: {integrity: sha1-7xs7bHLbCDXqL4TN+R/sMMUgaIs=}
    dev: false

  /wcsize/1.0.0:
    resolution: {integrity: sha1-qKLhXmqKdHkdulgPaaV9J+hQ6h4=}
    dev: false

  /wcstring/2.1.1:
    resolution: {integrity: sha1-3tUtdFycceJNCkidKCbSKjZe0Gc=}
    dependencies:
      varsize-string: 2.2.2
      wcsize: 1.0.0
    dev: false

  /wrappy/1.0.2:
    resolution: {integrity: sha1-tSQ9jz7BqjXxNkYFvA0QNuMKtp8=}
    dev: false
